
Microsoft Visual Studio Solution File, Format Version 12.00
# Visual Studio Version 16
VisualStudioVersion = 16.0.30611.23
MinimumVisualStudioVersion = 10.0.40219.1
Project("{FAE04EC0-301F-11D3-BF4B-00C04F79EFBC}") = "CouponWithOCP", "CouponWithOCP.csproj", "{602BE987-7D72-4177-B7FD-2598782BCDDE}"
EndProject
Global
	GlobalSection(SolutionConfigurationPlatforms) = preSolution
		Debug|Any CPU = Debug|Any CPU
		Release|Any CPU = Release|Any CPU
	EndGlobalSection
	GlobalSection(ProjectConfigurationPlatforms) = postSolution
		{602BE987-7D72-4177-B7FD-2598782BCDDE}.Debug|Any CPU.ActiveCfg = Debug|Any CPU
		{602BE987-7D72-4177-B7FD-2598782BCDDE}.Debug|Any CPU.Build.0 = Debug|Any CPU
		{602BE987-7D72-4177-B7FD-2598782BCDDE}.Release|Any CPU.ActiveCfg = Release|Any CPU
		{602BE987-7D72-4177-B7FD-2598782BCDDE}.Release|Any CPU.Build.0 = Release|Any CPU
	EndGlobalSection
	GlobalSection(SolutionProperties) = preSolution
		HideSolutionNode = FALSE
	EndGlobalSection
	GlobalSection(ExtensibilityGlobals) = postSolution
		SolutionGuid = {F239B241-2459-4384-A41D-F140655351DB}
	EndGlobalSection
EndGlobal
